
Microsoft Visual Studio Solution File, Format Version 12.00
# Visual Studio Version 16
VisualStudioVersion = 16.0.31624.102
MinimumVisualStudioVersion = 10.0.40219.1
Project("{FAE04EC0-301F-11D3-BF4B-00C04F79EFBC}") = "If-Else", "If-Else\If-Else.csproj", "{4149D581-F2EA-4068-AFD4-C0031E3D0D4D}"
EndProject
Global
	GlobalSection(SolutionConfigurationPlatforms) = preSolution
		Debug|Any CPU = Debug|Any CPU
		Release|Any CPU = Release|Any CPU
	EndGlobalSection
	GlobalSection(ProjectConfigurationPlatforms) = postSolution
		{4149D581-F2EA-4068-AFD4-C0031E3D0D4D}.Debug|Any CPU.ActiveCfg = Debug|Any CPU
		{4149D581-F2EA-4068-AFD4-C0031E3D0D4D}.Debug|Any CPU.Build.0 = Debug|Any CPU
		{4149D581-F2EA-4068-AFD4-C0031E3D0D4D}.Release|Any CPU.ActiveCfg = Release|Any CPU
		{4149D581-F2EA-4068-AFD4-C0031E3D0D4D}.Release|Any CPU.Build.0 = Release|Any CPU
	EndGlobalSection
	GlobalSection(SolutionProperties) = preSolution
		HideSolutionNode = FALSE
	EndGlobalSection
	GlobalSection(ExtensibilityGlobals) = postSolution
		SolutionGuid = {B9C9C611-B8F4-4040-B924-F437C82FE907}
	EndGlobalSection
EndGlobal
