
Microsoft Visual Studio Solution File, Format Version 12.00
# Visual Studio Version 16
VisualStudioVersion = 16.0.31624.102
MinimumVisualStudioVersion = 10.0.40219.1
Project("{FAE04EC0-301F-11D3-BF4B-00C04F79EFBC}") = "ArraySinifiMetot", "ArraySinifiMetot\ArraySinifiMetot.csproj", "{ECDDD2C3-3EC4-4DF3-8820-A84920A39B3B}"
EndProject
Global
	GlobalSection(SolutionConfigurationPlatforms) = preSolution
		Debug|Any CPU = Debug|Any CPU
		Release|Any CPU = Release|Any CPU
	EndGlobalSection
	GlobalSection(ProjectConfigurationPlatforms) = postSolution
		{ECDDD2C3-3EC4-4DF3-8820-A84920A39B3B}.Debug|Any CPU.ActiveCfg = Debug|Any CPU
		{ECDDD2C3-3EC4-4DF3-8820-A84920A39B3B}.Debug|Any CPU.Build.0 = Debug|Any CPU
		{ECDDD2C3-3EC4-4DF3-8820-A84920A39B3B}.Release|Any CPU.ActiveCfg = Release|Any CPU
		{ECDDD2C3-3EC4-4DF3-8820-A84920A39B3B}.Release|Any CPU.Build.0 = Release|Any CPU
	EndGlobalSection
	GlobalSection(SolutionProperties) = preSolution
		HideSolutionNode = FALSE
	EndGlobalSection
	GlobalSection(ExtensibilityGlobals) = postSolution
		SolutionGuid = {024C9415-AF33-456D-94B9-985AC95A9CAC}
	EndGlobalSection
EndGlobal
